// !$*UTF8*$!
{
	archiveVersion = 1;
	classes = {
	};
	objectVersion = 48;
	objects = {

/* Begin PBXBuildFile section */
		8E42C0E621C04E5300987E2F /* AppDelegate.swift in Sources */ = {isa = PBXBuildFile; fileRef = 8E42C0E521C04E5300987E2F /* AppDelegate.swift */; };
		8E42C0E821C04E5300987E2F /* ViewController.swift in Sources */ = {isa = PBXBuildFile; fileRef = 8E42C0E721C04E5300987E2F /* ViewController.swift */; };
		8E42C0EB21C04E5300987E2F /* Main.storyboard in Resources */ = {isa = PBXBuildFile; fileRef = 8E42C0E921C04E5300987E2F /* Main.storyboard */; };
		8E42C0ED21C04E5300987E2F /* Assets.xcassets in Resources */ = {isa = PBXBuildFile; fileRef = 8E42C0EC21C04E5300987E2F /* Assets.xcassets */; };
		8E42C0F021C04E5300987E2F /* LaunchScreen.storyboard in Resources */ = {isa = PBXBuildFile; fileRef = 8E42C0EE21C04E5300987E2F /* LaunchScreen.storyboard */; };
		8E42C0FB21C04E5300987E2F /* HelloWorldTests.swift in Sources */ = {isa = PBXBuildFile; fileRef = 8E42C0FA21C04E5300987E2F /* HelloWorldTests.swift */; };
		8E42C10621C04E5400987E2F /* HelloWorldUITests.swift in Sources */ = {isa = PBXBuildFile; fileRef = 8E42C10521C04E5400987E2F /* HelloWorldUITests.swift */; };
/* End PBXBuildFile section */

/* Begin PBXContainerItemProxy section */
		8E42C0F721C04E5300987E2F /* PBXContainerItemProxy */ = {
			isa = PBXContainerItemProxy;
			containerPortal = 8E42C0DA21C04E5300987E2F /* Project object */;
			proxyType = 1;
			remoteGlobalIDString = 8E42C0E121C04E5300987E2F;
			remoteInfo = HelloWorld;
		};
		8E42C10221C04E5400987E2F /* PBXContainerItemProxy */ = {
			isa = PBXContainerItemProxy;
			containerPortal = 8E42C0DA21C04E5300987E2F /* Project object */;
			proxyType = 1;
			remoteGlobalIDString = 8E42C0E121C04E5300987E2F;
			remoteInfo = HelloWorld;
		};
/* End PBXContainerItemProxy section */

/* Begin PBXFileReference section */
		8E42C0E221C04E5300987E2F /* HelloWorld.app */ = {isa = PBXFileReference; explicitFileType = wrapper.application; includeInIndex = 0; path = HelloWorld.app; sourceTree = BUILT_PRODUCTS_DIR; };
		8E42C0E521C04E5300987E2F /* AppDelegate.swift */ = {isa = PBXFileReference; lastKnownFileType = sourcecode.swift; path = AppDelegate.swift; sourceTree = "<group>"; };
		8E42C0E721C04E5300987E2F /* ViewController.swift */ = {isa = PBXFileReference; lastKnownFileType = sourcecode.swift; path = ViewController.swift; sourceTree = "<group>"; };
		8E42C0EA21C04E5300987E2F /* Base */ = {isa = PBXFileReference; lastKnownFileType = file.storyboard; name = Base; path = Base.lproj/Main.storyboard; sourceTree = "<group>"; };
		8E42C0EC21C04E5300987E2F /* Assets.xcassets */ = {isa = PBXFileReference; lastKnownFileType = folder.assetcatalog; path = Assets.xcassets; sourceTree = "<group>"; };
		8E42C0EF21C04E5300987E2F /* Base */ = {isa = PBXFileReference; lastKnownFileType = file.storyboard; name = Base; path = Base.lproj/LaunchScreen.storyboard; sourceTree = "<group>"; };
		8E42C0F121C04E5300987E2F /* Info.plist */ = {isa = PBXFileReference; lastKnownFileType = text.plist.xml; path = Info.plist; sourceTree = "<group>"; };
		8E42C0F621C04E5300987E2F /* HelloWorldTests.xctest */ = {isa = PBXFileReference; explicitFileType = wrapper.cfbundle; includeInIndex = 0; path = HelloWorldTests.xctest; sourceTree = BUILT_PRODUCTS_DIR; };
		8E42C0FA21C04E5300987E2F /* HelloWorldTests.swift */ = {isa = PBXFileReference; lastKnownFileType = sourcecode.swift; path = HelloWorldTests.swift; sourceTree = "<group>"; };
		8E42C0FC21C04E5300987E2F /* Info.plist */ = {isa = PBXFileReference; lastKnownFileType = text.plist.xml; path = Info.plist; sourceTree = "<group>"; };
		8E42C10121C04E5400987E2F /* HelloWorldUITests.xctest */ = {isa = PBXFileReference; explicitFileType = wrapper.cfbundle; includeInIndex = 0; path = HelloWorldUITests.xctest; sourceTree = BUILT_PRODUCTS_DIR; };
		8E42C10521C04E5400987E2F /* HelloWorldUITests.swift */ = {isa = PBXFileReference; lastKnownFileType = sourcecode.swift; path = HelloWorldUITests.swift; sourceTree = "<group>"; };
		8E42C10721C04E5400987E2F /* Info.plist */ = {isa = PBXFileReference; lastKnownFileType = text.plist.xml; path = Info.plist; sourceTree = "<group>"; };
/* End PBXFileReference section */

/* Begin PBXFrameworksBuildPhase section */
		8E42C0DF21C04E5300987E2F /* Frameworks */ = {
			isa = PBXFrameworksBuildPhase;
			buildActionMask = 2147483647;
			files = (
			);
			runOnlyForDeploymentPostprocessing = 0;
		};
		8E42C0F321C04E5300987E2F /* Frameworks */ = {
			isa = PBXFrameworksBuildPhase;
			buildActionMask = 2147483647;
			files = (
			);
			runOnlyForDeploymentPostprocessing = 0;
		};
		8E42C0FE21C04E5400987E2F /* Frameworks */ = {
			isa = PBXFrameworksBuildPhase;
			buildActionMask = 2147483647;
			files = (
			);
			runOnlyForDeploymentPostprocessing = 0;
		};
/* End PBXFrameworksBuildPhase section */

/* Begin PBXGroup section */
		8E42C0D921C04E5300987E2F = {
			isa = PBXGroup;
			children = (
				8E42C0E421C04E5300987E2F /* HelloWorld */,
				8E42C0F921C04E5300987E2F /* HelloWorldTests */,
				8E42C10421C04E5400987E2F /* HelloWorldUITests */,
				8E42C0E321C04E5300987E2F /* Products */,
			);
			sourceTree = "<group>";
		};
		8E42C0E321C04E5300987E2F /* Products */ = {
			isa = PBXGroup;
			children = (
				8E42C0E221C04E5300987E2F /* HelloWorld.app */,
				8E42C0F621C04E5300987E2F /* HelloWorldTests.xctest */,
				8E42C10121C04E5400987E2F /* HelloWorldUITests.xctest */,
			);
			name = Products;
			sourceTree = "<group>";
		};
		8E42C0E421C04E5300987E2F /* HelloWorld */ = {
			isa = PBXGroup;
			children = (
				8E42C0E521C04E5300987E2F /* AppDelegate.swift */,
				8E42C0E721C04E5300987E2F /* ViewController.swift */,
				8E42C0E921C04E5300987E2F /* Main.storyboard */,
				8E42C0EC21C04E5300987E2F /* Assets.xcassets */,
				8E42C0EE21C04E5300987E2F /* LaunchScreen.storyboard */,
				8E42C0F121C04E5300987E2F /* Info.plist */,
			);
			path = HelloWorld;
			sourceTree = "<group>";
		};
		8E42C0F921C04E5300987E2F /* HelloWorldTests */ = {
			isa = PBXGroup;
			children = (
				8E42C0FA21C04E5300987E2F /* HelloWorldTests.swift */,
				8E42C0FC21C04E5300987E2F /* Info.plist */,
			);
			path = HelloWorldTests;
			sourceTree = "<group>";
		};
		8E42C10421C04E5400987E2F /* HelloWorldUITests */ = {
			isa = PBXGroup;
			children = (
				8E42C10521C04E5400987E2F /* HelloWorldUITests.swift */,
				8E42C10721C04E5400987E2F /* Info.plist */,
			);
			path = HelloWorldUITests;
			sourceTree = "<group>";
		};
/* End PBXGroup section */

/* Begin PBXNativeTarget section */
		8E42C0E121C04E5300987E2F /* HelloWorld */ = {
			isa = PBXNativeTarget;
			buildConfigurationList = 8E42C10A21C04E5400987E2F /* Build configuration list for PBXNativeTarget "HelloWorld" */;
			buildPhases = (
				8E42C0DE21C04E5300987E2F /* Sources */,
				8E42C0DF21C04E5300987E2F /* Frameworks */,
				8E42C0E021C04E5300987E2F /* Resources */,
			);
			buildRules = (
			);
			dependencies = (
			);
			name = HelloWorld;
			productName = HelloWorld;
			productReference = 8E42C0E221C04E5300987E2F /* HelloWorld.app */;
			productType = "com.apple.product-type.application";
		};
		8E42C0F521C04E5300987E2F /* HelloWorldTests */ = {
			isa = PBXNativeTarget;
			buildConfigurationList = 8E42C10D21C04E5400987E2F /* Build configuration list for PBXNativeTarget "HelloWorldTests" */;
			buildPhases = (
				8E42C0F221C04E5300987E2F /* Sources */,
				8E42C0F321C04E5300987E2F /* Frameworks */,
				8E42C0F421C04E5300987E2F /* Resources */,
			);
			buildRules = (
			);
			dependencies = (
				8E42C0F821C04E5300987E2F /* PBXTargetDependency */,
			);
			name = HelloWorldTests;
			productName = HelloWorldTests;
			productReference = 8E42C0F621C04E5300987E2F /* HelloWorldTests.xctest */;
			productType = "com.apple.product-type.bundle.unit-test";
		};
		8E42C10021C04E5400987E2F /* HelloWorldUITests */ = {
			isa = PBXNativeTarget;
			buildConfigurationList = 8E42C11021C04E5400987E2F /* Build configuration list for PBXNativeTarget "HelloWorldUITests" */;
			buildPhases = (
				8E42C0FD21C04E5400987E2F /* Sources */,
				8E42C0FE21C04E5400987E2F /* Frameworks */,
				8E42C0FF21C04E5400987E2F /* Resources */,
			);
			buildRules = (
			);
			dependencies = (
				8E42C10321C04E5400987E2F /* PBXTargetDependency */,
			);
			name = HelloWorldUITests;
			productName = HelloWorldUITests;
			productReference = 8E42C10121C04E5400987E2F /* HelloWorldUITests.xctest */;
			productType = "com.apple.product-type.bundle.ui-testing";
		};
/* End PBXNativeTarget section */

/* Begin PBXProject section */
		8E42C0DA21C04E5300987E2F /* Project object */ = {
			isa = PBXProject;
			attributes = {
				LastSwiftUpdateCheck = 0920;
				LastUpgradeCheck = 0920;
				ORGANIZATIONNAME = devarthur4718;
				TargetAttributes = {
					8E42C0E121C04E5300987E2F = {
						CreatedOnToolsVersion = 9.2;
						ProvisioningStyle = Automatic;
					};
					8E42C0F521C04E5300987E2F = {
						CreatedOnToolsVersion = 9.2;
						ProvisioningStyle = Automatic;
						TestTargetID = 8E42C0E121C04E5300987E2F;
					};
					8E42C10021C04E5400987E2F = {
						CreatedOnToolsVersion = 9.2;
						ProvisioningStyle = Automatic;
						TestTargetID = 8E42C0E121C04E5300987E2F;
					};
				};
			};
			buildConfigurationList = 8E42C0DD21C04E5300987E2F /* Build configuration list for PBXProject "HelloWorld" */;
			compatibilityVersion = "Xcode 8.0";
			developmentRegion = en;
			hasScannedForEncodings = 0;
			knownRegions = (
				en,
				Base,
			);
			mainGroup = 8E42C0D921C04E5300987E2F;
			productRefGroup = 8E42C0E321C04E5300987E2F /* Products */;
			projectDirPath = "";
			projectRoot = "";
			targets = (
				8E42C0E121C04E5300987E2F /* HelloWorld */,
				8E42C0F521C04E5300987E2F /* HelloWorldTests */,
				8E42C10021C04E5400987E2F /* HelloWorldUITests */,
			);
		};
/* End PBXProject section */

/* Begin PBXResourcesBuildPhase section */
		8E42C0E021C04E5300987E2F /* Resources */ = {
			isa = PBXResourcesBuildPhase;
			buildActionMask = 2147483647;
			files = (
				8E42C0F021C04E5300987E2F /* LaunchScreen.storyboard in Resources */,
				8E42C0ED21C04E5300987E2F /* Assets.xcassets in Resources */,
				8E42C0EB21C04E5300987E2F /* Main.storyboard in Resources */,
			);
			runOnlyForDeploymentPostprocessing = 0;
		};
		8E42C0F421C04E5300987E2F /* Resources */ = {
			isa = PBXResourcesBuildPhase;
			buildActionMask = 2147483647;
			files = (
			);
			runOnlyForDeploymentPostprocessing = 0;
		};
		8E42C0FF21C04E5400987E2F /* Resources */ = {
			isa = PBXResourcesBuildPhase;
			buildActionMask = 2147483647;
			files = (
			);
			runOnlyForDeploymentPostprocessing = 0;
		};
/* End PBXResourcesBuildPhase section */

/* Begin PBXSourcesBuildPhase section */
		8E42C0DE21C04E5300987E2F /* Sources */ = {
			isa = PBXSourcesBuildPhase;
			buildActionMask = 2147483647;
			files = (
				8E42C0E821C04E5300987E2F /* ViewController.swift in Sources */,
				8E42C0E621C04E5300987E2F /* AppDelegate.swift in Sources */,
			);
			runOnlyForDeploymentPostprocessing = 0;
		};
		8E42C0F221C04E5300987E2F /* Sources */ = {
			isa = PBXSourcesBuildPhase;
			buildActionMask = 2147483647;
			files = (
				8E42C0FB21C04E5300987E2F /* HelloWorldTests.swift in Sources */,
			);
			runOnlyForDeploymentPostprocessing = 0;
		};
		8E42C0FD21C04E5400987E2F /* Sources */ = {
			isa = PBXSourcesBuildPhase;
			buildActionMask = 2147483647;
			files = (
				8E42C10621C04E5400987E2F /* HelloWorldUITests.swift in Sources */,
			);
			runOnlyForDeploymentPostprocessing = 0;
		};
/* End PBXSourcesBuildPhase section */

/* Begin PBXTargetDependency section */
		8E42C0F821C04E5300987E2F /* PBXTargetDependency */ = {
			isa = PBXTargetDependency;
			target = 8E42C0E121C04E5300987E2F /* HelloWorld */;
			targetProxy = 8E42C0F721C04E5300987E2F /* PBXContainerItemProxy */;
		};
		8E42C10321C04E5400987E2F /* PBXTargetDependency */ = {
			isa = PBXTargetDependency;
			target = 8E42C0E121C04E5300987E2F /* HelloWorld */;
			targetProxy = 8E42C10221C04E5400987E2F /* PBXContainerItemProxy */;
		};
/* End PBXTargetDependency section */

/* Begin PBXVariantGroup section */
		8E42C0E921C04E5300987E2F /* Main.storyboard */ = {
			isa = PBXVariantGroup;
			children = (
				8E42C0EA21C04E5300987E2F /* Base */,
			);
			name = Main.storyboard;
			sourceTree = "<group>";
		};
		8E42C0EE21C04E5300987E2F /* LaunchScreen.storyboard */ = {
			isa = PBXVariantGroup;
			children = (
				8E42C0EF21C04E5300987E2F /* Base */,
			);
			name = LaunchScreen.storyboard;
			sourceTree = "<group>";
		};
/* End PBXVariantGroup section */

/* Begin XCBuildConfiguration section */
		8E42C10821C04E5400987E2F /* Debug */ = {
			isa = XCBuildConfiguration;
			buildSettings = {
				ALWAYS_SEARCH_USER_PATHS = NO;
				CLANG_ANALYZER_NONNULL = YES;
				CLANG_ANALYZER_NUMBER_OBJECT_CONVERSION = YES_AGGRESSIVE;
				CLANG_CXX_LANGUAGE_STANDARD = "gnu++14";
				CLANG_CXX_LIBRARY = "libc++";
				CLANG_ENABLE_MODULES = YES;
				CLANG_ENABLE_OBJC_ARC = YES;
				CLANG_WARN_BLOCK_CAPTURE_AUTORELEASING = YES;
				CLANG_WARN_BOOL_CONVERSION = YES;
				CLANG_WARN_COMMA = YES;
				CLANG_WARN_CONSTANT_CONVERSION = YES;
				CLANG_WARN_DIRECT_OBJC_ISA_USAGE = YES_ERROR;
				CLANG_WARN_DOCUMENTATION_COMMENTS = YES;
				CLANG_WARN_EMPTY_BODY = YES;
				CLANG_WARN_ENUM_CONVERSION = YES;
				CLANG_WARN_INFINITE_RECURSION = YES;
				CLANG_WARN_INT_CONVERSION = YES;
				CLANG_WARN_NON_LITERAL_NULL_CONVERSION = YES;
				CLANG_WARN_OBJC_LITERAL_CONVERSION = YES;
				CLANG_WARN_OBJC_ROOT_CLASS = YES_ERROR;
				CLANG_WARN_RANGE_LOOP_ANALYSIS = YES;
				CLANG_WARN_STRICT_PROTOTYPES = YES;
				CLANG_WARN_SUSPICIOUS_MOVE = YES;
				CLANG_WARN_UNGUARDED_AVAILABILITY = YES_AGGRESSIVE;
				CLANG_WARN_UNREACHABLE_CODE = YES;
				CLANG_WARN__DUPLICATE_METHOD_MATCH = YES;
				CODE_SIGN_IDENTITY = "iPhone Developer";
				COPY_PHASE_STRIP = NO;
				DEBUG_INFORMATION_FORMAT = dwarf;
				ENABLE_STRICT_OBJC_MSGSEND = YES;
				ENABLE_TESTABILITY = YES;
				GCC_C_LANGUAGE_STANDARD = gnu11;
				GCC_DYNAMIC_NO_PIC = NO;
				GCC_NO_COMMON_BLOCKS = YES;
				GCC_OPTIMIZATION_LEVEL = 0;
				GCC_PREPROCESSOR_DEFINITIONS = (
					"DEBUG=1",
					"$(inherited)",
				);
				GCC_WARN_64_TO_32_BIT_CONVERSION = YES;
				GCC_WARN_ABOUT_RETURN_TYPE = YES_ERROR;
				GCC_WARN_UNDECLARED_SELECTOR = YES;
				GCC_WARN_UNINITIALIZED_AUTOS = YES_AGGRESSIVE;
				GCC_WARN_UNUSED_FUNCTION = YES;
				GCC_WARN_UNUSED_VARIABLE = YES;
				IPHONEOS_DEPLOYMENT_TARGET = 11.2;
				MTL_ENABLE_DEBUG_INFO = YES;
				ONLY_ACTIVE_ARCH = YES;
				SDKROOT = iphoneos;
				SWIFT_ACTIVE_COMPILATION_CONDITIONS = DEBUG;
				SWIFT_OPTIMIZATION_LEVEL = "-Onone";
			};
			name = Debug;
		};
		8E42C10921C04E5400987E2F /* Release */ = {
			isa = XCBuildConfiguration;
			buildSettings = {
				ALWAYS_SEARCH_USER_PATHS = NO;
				CLANG_ANALYZER_NONNULL = YES;
				CLANG_ANALYZER_NUMBER_OBJECT_CONVERSION = YES_AGGRESSIVE;
				CLANG_CXX_LANGUAGE_STANDARD = "gnu++14";
				CLANG_CXX_LIBRARY = "libc++";
				CLANG_ENABLE_MODULES = YES;
				CLANG_ENABLE_OBJC_ARC = YES;
				CLANG_WARN_BLOCK_CAPTURE_AUTORELEASING = YES;
				CLANG_WARN_BOOL_CONVERSION = YES;
				CLANG_WARN_COMMA = YES;
				CLANG_WARN_CONSTANT_CONVERSION = YES;
				CLANG_WARN_DIRECT_OBJC_ISA_USAGE = YES_ERROR;
				CLANG_WARN_DOCUMENTATION_COMMENTS = YES;
				CLANG_WARN_EMPTY_BODY = YES;
				CLANG_WARN_ENUM_CONVERSION = YES;
				CLANG_WARN_INFINITE_RECURSION = YES;
				CLANG_WARN_INT_CONVERSION = YES;
				CLANG_WARN_NON_LITERAL_NULL_CONVERSION = YES;
				CLANG_WARN_OBJC_LITERAL_CONVERSION = YES;
				CLANG_WARN_OBJC_ROOT_CLASS = YES_ERROR;
				CLANG_WARN_RANGE_LOOP_ANALYSIS = YES;
				CLANG_WARN_STRICT_PROTOTYPES = YES;
				CLANG_WARN_SUSPICIOUS_MOVE = YES;
				CLANG_WARN_UNGUARDED_AVAILABILITY = YES_AGGRESSIVE;
				CLANG_WARN_UNREACHABLE_CODE = YES;
				CLANG_WARN__DUPLICATE_METHOD_MATCH = YES;
				CODE_SIGN_IDENTITY = "iPhone Developer";
				COPY_PHASE_STRIP = NO;
				DEBUG_INFORMATION_FORMAT = "dwarf-with-dsym";
				ENABLE_NS_ASSERTIONS = NO;
				ENABLE_STRICT_OBJC_MSGSEND = YES;
				GCC_C_LANGUAGE_STANDARD = gnu11;
				GCC_NO_COMMON_BLOCKS = YES;
				GCC_WARN_64_TO_32_BIT_CONVERSION = YES;
				GCC_WARN_ABOUT_RETURN_TYPE = YES_ERROR;
				GCC_WARN_UNDECLARED_SELECTOR = YES;
				GCC_WARN_UNINITIALIZED_AUTOS = YES_AGGRESSIVE;
				GCC_WARN_UNUSED_FUNCTION = YES;
				GCC_WARN_UNUSED_VARIABLE = YES;
				IPHONEOS_DEPLOYMENT_TARGET = 11.2;
				MTL_ENABLE_DEBUG_INFO = NO;
				SDKROOT = iphoneos;
				SWIFT_OPTIMIZATION_LEVEL = "-Owholemodule";
				VALIDATE_PRODUCT = YES;
			};
			name = Release;
		};
		8E42C10B21C04E5400987E2F /* Debug */ = {
			isa = XCBuildConfiguration;
			buildSettings = {
				ASSETCATALOG_COMPILER_APPICON_NAME = AppIcon;
				CODE_SIGN_STYLE = Automatic;
				INFOPLIST_FILE = HelloWorld/Info.plist;
				LD_RUNPATH_SEARCH_PATHS = "$(inherited) @executable_path/Frameworks";
				PRODUCT_BUNDLE_IDENTIFIER = com.devarthur4718.HelloWorld;
				PRODUCT_NAME = "$(TARGET_NAME)";
				SWIFT_VERSION = 4.0;
				TARGETED_DEVICE_FAMILY = "1,2";
			};
			name = Debug;
		};
		8E42C10C21C04E5400987E2F /* Release */ = {
			isa = XCBuildConfiguration;
			buildSettings = {
				ASSETCATALOG_COMPILER_APPICON_NAME = AppIcon;
				CODE_SIGN_STYLE = Automatic;
				INFOPLIST_FILE = HelloWorld/Info.plist;
				LD_RUNPATH_SEARCH_PATHS = "$(inherited) @executable_path/Frameworks";
				PRODUCT_BUNDLE_IDENTIFIER = com.devarthur4718.HelloWorld;
				PRODUCT_NAME = "$(TARGET_NAME)";
				SWIFT_VERSION = 4.0;
				TARGETED_DEVICE_FAMILY = "1,2";
			};
			name = Release;
		};
		8E42C10E21C04E5400987E2F /* Debug */ = {
			isa = XCBuildConfiguration;
			buildSettings = {
				ALWAYS_EMBED_SWIFT_STANDARD_LIBRARIES = YES;
				BUNDLE_LOADER = "$(TEST_HOST)";
				CODE_SIGN_STYLE = Automatic;
				INFOPLIST_FILE = HelloWorldTests/Info.plist;
				LD_RUNPATH_SEARCH_PATHS = "$(inherited) @executable_path/Frameworks @loader_path/Frameworks";
				PRODUCT_BUNDLE_IDENTIFIER = com.devarthur4718.HelloWorldTests;
				PRODUCT_NAME = "$(TARGET_NAME)";
				SWIFT_VERSION = 4.0;
				TARGETED_DEVICE_FAMILY = "1,2";
				TEST_HOST = "$(BUILT_PRODUCTS_DIR)/HelloWorld.app/HelloWorld";
			};
			name = Debug;
		};
		8E42C10F21C04E5400987E2F /* Release */ = {
			isa = XCBuildConfiguration;
			buildSettings = {
				ALWAYS_EMBED_SWIFT_STANDARD_LIBRARIES = YES;
				BUNDLE_LOADER = "$(TEST_HOST)";
				CODE_SIGN_STYLE = Automatic;
				INFOPLIST_FILE = HelloWorldTests/Info.plist;
				LD_RUNPATH_SEARCH_PATHS = "$(inherited) @executable_path/Frameworks @loader_path/Frameworks";
				PRODUCT_BUNDLE_IDENTIFIER = com.devarthur4718.HelloWorldTests;
				PRODUCT_NAME = "$(TARGET_NAME)";
				SWIFT_VERSION = 4.0;
				TARGETED_DEVICE_FAMILY = "1,2";
				TEST_HOST = "$(BUILT_PRODUCTS_DIR)/HelloWorld.app/HelloWorld";
			};
			name = Release;
		};
		8E42C11121C04E5400987E2F /* Debug */ = {
			isa = XCBuildConfiguration;
			buildSettings = {
				ALWAYS_EMBED_SWIFT_STANDARD_LIBRARIES = YES;
				CODE_SIGN_STYLE = Automatic;
				INFOPLIST_FILE = HelloWorldUITests/Info.plist;
				LD_RUNPATH_SEARCH_PATHS = "$(inherited) @executable_path/Frameworks @loader_path/Frameworks";
				PRODUCT_BUNDLE_IDENTIFIER = com.devarthur4718.HelloWorldUITests;
				PRODUCT_NAME = "$(TARGET_NAME)";
				SWIFT_VERSION = 4.0;
				TARGETED_DEVICE_FAMILY = "1,2";
				TEST_TARGET_NAME = HelloWorld;
			};
			name = Debug;
		};
		8E42C11221C04E5400987E2F /* Release */ = {
			isa = XCBuildConfiguration;
			buildSettings = {
				ALWAYS_EMBED_SWIFT_STANDARD_LIBRARIES = YES;
				CODE_SIGN_STYLE = Automatic;
				INFOPLIST_FILE = HelloWorldUITests/Info.plist;
				LD_RUNPATH_SEARCH_PATHS = "$(inherited) @executable_path/Frameworks @loader_path/Frameworks";
				PRODUCT_BUNDLE_IDENTIFIER = com.devarthur4718.HelloWorldUITests;
				PRODUCT_NAME = "$(TARGET_NAME)";
				SWIFT_VERSION = 4.0;
				TARGETED_DEVICE_FAMILY = "1,2";
				TEST_TARGET_NAME = HelloWorld;
			};
			name = Release;
		};
/* End XCBuildConfiguration section */

/* Begin XCConfigurationList section */
		8E42C0DD21C04E5300987E2F /* Build configuration list for PBXProject "HelloWorld" */ = {
			isa = XCConfigurationList;
			buildConfigurations = (
				8E42C10821C04E5400987E2F /* Debug */,
				8E42C10921C04E5400987E2F /* Release */,
			);
			defaultConfigurationIsVisible = 0;
			defaultConfigurationName = Release;
		};
		8E42C10A21C04E5400987E2F /* Build configuration list for PBXNativeTarget "HelloWorld" */ = {
			isa = XCConfigurationList;
			buildConfigurations = (
				8E42C10B21C04E5400987E2F /* Debug */,
				8E42C10C21C04E5400987E2F /* Release */,
			);
			defaultConfigurationIsVisible = 0;
			defaultConfigurationName = Release;
		};
		8E42C10D21C04E5400987E2F /* Build configuration list for PBXNativeTarget "HelloWorldTests" */ = {
			isa = XCConfigurationList;
			buildConfigurations = (
				8E42C10E21C04E5400987E2F /* Debug */,
				8E42C10F21C04E5400987E2F /* Release */,
			);
			defaultConfigurationIsVisible = 0;
			defaultConfigurationName = Release;
		};
		8E42C11021C04E5400987E2F /* Build configuration list for PBXNativeTarget "HelloWorldUITests" */ = {
			isa = XCConfigurationList;
			buildConfigurations = (
				8E42C11121C04E5400987E2F /* Debug */,
				8E42C11221C04E5400987E2F /* Release */,
			);
			defaultConfigurationIsVisible = 0;
			defaultConfigurationName = Release;
		};
/* End XCConfigurationList section */
	};
	rootObject = 8E42C0DA21C04E5300987E2F /* Project object */;
}
